
Microsoft Visual Studio Solution File, Format Version 12.00
# Visual Studio Version 16
VisualStudioVersion = 16.0.32630.194
MinimumVisualStudioVersion = 10.0.40219.1
Project("{FAE04EC0-301F-11D3-BF4B-00C04F79EFBC}") = "OrgPimple", "OrgPimple\OrgPimple.csproj", "{5A0BA9AB-6540-42A7-9936-75CB5FA09BF4}"
EndProject
Global
	GlobalSection(SolutionConfigurationPlatforms) = preSolution
		Debug|Any CPU = Debug|Any CPU
		Release|Any CPU = Release|Any CPU
	EndGlobalSection
	GlobalSection(ProjectConfigurationPlatforms) = postSolution
		{5A0BA9AB-6540-42A7-9936-75CB5FA09BF4}.Debug|Any CPU.ActiveCfg = Debug|Any CPU
		{5A0BA9AB-6540-42A7-9936-75CB5FA09BF4}.Debug|Any CPU.Build.0 = Debug|Any CPU
		{5A0BA9AB-6540-42A7-9936-75CB5FA09BF4}.Release|Any CPU.ActiveCfg = Release|Any CPU
		{5A0BA9AB-6540-42A7-9936-75CB5FA09BF4}.Release|Any CPU.Build.0 = Release|Any CPU
	EndGlobalSection
	GlobalSection(SolutionProperties) = preSolution
		HideSolutionNode = FALSE
	EndGlobalSection
	GlobalSection(ExtensibilityGlobals) = postSolution
		SolutionGuid = {F9C38D44-305B-4BD9-9791-6B104439F95A}
	EndGlobalSection
EndGlobal
